
Microsoft Visual Studio Solution File, Format Version 12.00
# Visual Studio Version 17
VisualStudioVersion = 17.11.35208.52
MinimumVisualStudioVersion = 10.0.40219.1
Project("{FAE04EC0-301F-11D3-BF4B-00C04F79EFBC}") = "PatikaWeek7PracticeLinqGroup", "PatikaWeek7PracticeLinqGroup\PatikaWeek7PracticeLinqGroup.csproj", "{B8F5ABA1-230C-4325-806E-CE091735BDAF}"
EndProject
Global
	GlobalSection(SolutionConfigurationPlatforms) = preSolution
		Debug|Any CPU = Debug|Any CPU
		Release|Any CPU = Release|Any CPU
	EndGlobalSection
	GlobalSection(ProjectConfigurationPlatforms) = postSolution
		{B8F5ABA1-230C-4325-806E-CE091735BDAF}.Debug|Any CPU.ActiveCfg = Debug|Any CPU
		{B8F5ABA1-230C-4325-806E-CE091735BDAF}.Debug|Any CPU.Build.0 = Debug|Any CPU
		{B8F5ABA1-230C-4325-806E-CE091735BDAF}.Release|Any CPU.ActiveCfg = Release|Any CPU
		{B8F5ABA1-230C-4325-806E-CE091735BDAF}.Release|Any CPU.Build.0 = Release|Any CPU
	EndGlobalSection
	GlobalSection(SolutionProperties) = preSolution
		HideSolutionNode = FALSE
	EndGlobalSection
	GlobalSection(ExtensibilityGlobals) = postSolution
		SolutionGuid = {0D72BFFC-04E7-4363-99E2-CFE0CF03237F}
	EndGlobalSection
EndGlobal
